
Microsoft Visual Studio Solution File, Format Version 12.00
# Visual Studio Version 16
VisualStudioVersion = 16.0.32126.315
MinimumVisualStudioVersion = 10.0.40219.1
Project("{9A19103F-16F7-4668-BE54-9A1E7A4F7556}") = "LoyaltyPointsSystemV2", "LoyaltyPointsSystemV2.csproj", "{7D371EC7-D7EF-49A5-AAE7-EF4BE56D8FA9}"
EndProject
Project("{FAE04EC0-301F-11D3-BF4B-00C04F79EFBC}") = "LPSenum", "..\Enummm\LPSenum.csproj", "{200CF164-4B0C-4533-A67C-8A7B54283D8A}"
EndProject
Project("{FAE04EC0-301F-11D3-BF4B-00C04F79EFBC}") = "LPSDataLayer", "..\LPSDataLayer\LPSDataLayer.csproj", "{557E0EDF-4D1E-4170-89F2-4494B8F68204}"
EndProject
Project("{FAE04EC0-301F-11D3-BF4B-00C04F79EFBC}") = "LPSApplayer", "..\LPSApplayer\LPSApplayer.csproj", "{350B3C88-4156-4821-9163-B121BBB6F98B}"
EndProject
Global
	GlobalSection(SolutionConfigurationPlatforms) = preSolution
		Debug|Any CPU = Debug|Any CPU
		Release|Any CPU = Release|Any CPU
	EndGlobalSection
	GlobalSection(ProjectConfigurationPlatforms) = postSolution
		{7D371EC7-D7EF-49A5-AAE7-EF4BE56D8FA9}.Debug|Any CPU.ActiveCfg = Debug|Any CPU
		{7D371EC7-D7EF-49A5-AAE7-EF4BE56D8FA9}.Debug|Any CPU.Build.0 = Debug|Any CPU
		{7D371EC7-D7EF-49A5-AAE7-EF4BE56D8FA9}.Release|Any CPU.ActiveCfg = Release|Any CPU
		{7D371EC7-D7EF-49A5-AAE7-EF4BE56D8FA9}.Release|Any CPU.Build.0 = Release|Any CPU
		{200CF164-4B0C-4533-A67C-8A7B54283D8A}.Debug|Any CPU.ActiveCfg = Debug|Any CPU
		{200CF164-4B0C-4533-A67C-8A7B54283D8A}.Debug|Any CPU.Build.0 = Debug|Any CPU
		{200CF164-4B0C-4533-A67C-8A7B54283D8A}.Release|Any CPU.ActiveCfg = Release|Any CPU
		{200CF164-4B0C-4533-A67C-8A7B54283D8A}.Release|Any CPU.Build.0 = Release|Any CPU
		{557E0EDF-4D1E-4170-89F2-4494B8F68204}.Debug|Any CPU.ActiveCfg = Debug|Any CPU
		{557E0EDF-4D1E-4170-89F2-4494B8F68204}.Debug|Any CPU.Build.0 = Debug|Any CPU
		{557E0EDF-4D1E-4170-89F2-4494B8F68204}.Release|Any CPU.ActiveCfg = Release|Any CPU
		{557E0EDF-4D1E-4170-89F2-4494B8F68204}.Release|Any CPU.Build.0 = Release|Any CPU
		{350B3C88-4156-4821-9163-B121BBB6F98B}.Debug|Any CPU.ActiveCfg = Debug|Any CPU
		{350B3C88-4156-4821-9163-B121BBB6F98B}.Debug|Any CPU.Build.0 = Debug|Any CPU
		{350B3C88-4156-4821-9163-B121BBB6F98B}.Release|Any CPU.ActiveCfg = Release|Any CPU
		{350B3C88-4156-4821-9163-B121BBB6F98B}.Release|Any CPU.Build.0 = Release|Any CPU
	EndGlobalSection
	GlobalSection(SolutionProperties) = preSolution
		HideSolutionNode = FALSE
	EndGlobalSection
	GlobalSection(ExtensibilityGlobals) = postSolution
		SolutionGuid = {31C2AE0B-F448-485F-8BEE-25AF2B147B5C}
	EndGlobalSection
EndGlobal
